{
  "version": 4,
  "terraform_version": "1.5.1",
  "serial": 1,
  "lineage": "74c43636-3c0c-c0d7-bcb5-3b715fa22c48",
  "outputs": {},
  "resources": [
    {
      "mode": "managed",
      "type": "github_repository",
      "name": "user_repository",
      "provider": "provider[\"registry.terraform.io/integrations/github\"]",
      "instances": [
        {
          "schema_version": 1,
          "attributes": {
            "allow_auto_merge": false,
            "allow_merge_commit": true,
            "allow_rebase_merge": true,
            "allow_squash_merge": true,
            "allow_update_branch": false,
            "archive_on_destroy": null,
            "archived": false,
            "auto_init": null,
            "default_branch": "main",
            "delete_branch_on_merge": false,
            "description": "testing tf-code",
            "etag": "W/\"3705413f40cfa863f70843f22c2467a8d9eb836b2e1c33a944071f328cc90e02\"",
            "full_name": "harshi93/terraform-learnings",
            "git_clone_url": "git://github.com/harshi93/terraform-learnings.git",
            "gitignore_template": null,
            "has_discussions": false,
            "has_downloads": false,
            "has_issues": false,
            "has_projects": false,
            "has_wiki": false,
            "homepage_url": "",
            "html_url": "https://github.com/harshi93/terraform-learnings",
            "http_clone_url": "https://github.com/harshi93/terraform-learnings.git",
            "id": "terraform-learnings",
            "ignore_vulnerability_alerts_during_read": null,
            "is_template": false,
            "license_template": null,
            "merge_commit_message": "PR_TITLE",
            "merge_commit_title": "MERGE_MESSAGE",
            "name": "terraform-learnings",
            "node_id": "R_kgDOLhDi0w",
            "pages": [],
            "primary_language": "",
            "private": true,
            "repo_id": 772858579,
            "security_and_analysis": [],
            "squash_merge_commit_message": "COMMIT_MESSAGES",
            "squash_merge_commit_title": "COMMIT_OR_PR_TITLE",
            "ssh_clone_url": "git@github.com:harshi93/terraform-learnings.git",
            "svn_url": "https://github.com/harshi93/terraform-learnings",
            "template": [
              {
                "include_all_branches": false,
                "owner": "microsoft",
                "repository": "python-package-template"
              }
            ],
            "topics": [],
            "visibility": "private",
            "vulnerability_alerts": false,
            "web_commit_signoff_required": false
          },
          "sensitive_attributes": [],
          "private": "eyJzY2hlbWFfdmVyc2lvbiI6IjEifQ=="
        }
      ]
    }
  ],
  "check_results": null
}
